// !$*UTF8*$!
{
	archiveVersion = 1;
	classes = {
	};
	objectVersion = 55;
	objects = {

/* Begin PBXBuildFile section */
		7DBB305027B7C4FC00C072F1 /* AppDelegate.swift in Sources */ = {isa = PBXBuildFile; fileRef = 7DBB304F27B7C4FC00C072F1 /* AppDelegate.swift */; };
		7DBB305227B7C4FC00C072F1 /* SceneDelegate.swift in Sources */ = {isa = PBXBuildFile; fileRef = 7DBB305127B7C4FC00C072F1 /* SceneDelegate.swift */; };
		7DBB305427B7C4FC00C072F1 /* ViewController.swift in Sources */ = {isa = PBXBuildFile; fileRef = 7DBB305327B7C4FC00C072F1 /* ViewController.swift */; };
		7DBB305727B7C4FC00C072F1 /* Main.storyboard in Resources */ = {isa = PBXBuildFile; fileRef = 7DBB305527B7C4FC00C072F1 /* Main.storyboard */; };
		7DBB305927B7C4FF00C072F1 /* Assets.xcassets in Resources */ = {isa = PBXBuildFile; fileRef = 7DBB305827B7C4FF00C072F1 /* Assets.xcassets */; };
		7DBB305C27B7C4FF00C072F1 /* LaunchScreen.storyboard in Resources */ = {isa = PBXBuildFile; fileRef = 7DBB305A27B7C4FF00C072F1 /* LaunchScreen.storyboard */; };
		7DBB306727B7C4FF00C072F1 /* DoPayTVTests.swift in Sources */ = {isa = PBXBuildFile; fileRef = 7DBB306627B7C4FF00C072F1 /* DoPayTVTests.swift */; };
		7DBB307127B7C4FF00C072F1 /* DoPayTVUITests.swift in Sources */ = {isa = PBXBuildFile; fileRef = 7DBB307027B7C4FF00C072F1 /* DoPayTVUITests.swift */; };
		7DBB307327B7C4FF00C072F1 /* DoPayTVUITestsLaunchTests.swift in Sources */ = {isa = PBXBuildFile; fileRef = 7DBB307227B7C4FF00C072F1 /* DoPayTVUITestsLaunchTests.swift */; };
/* End PBXBuildFile section */

/* Begin PBXContainerItemProxy section */
		7DBB306327B7C4FF00C072F1 /* PBXContainerItemProxy */ = {
			isa = PBXContainerItemProxy;
			containerPortal = 7DBB304427B7C4FC00C072F1 /* Project object */;
			proxyType = 1;
			remoteGlobalIDString = 7DBB304B27B7C4FC00C072F1;
			remoteInfo = DoPayTV;
		};
		7DBB306D27B7C4FF00C072F1 /* PBXContainerItemProxy */ = {
			isa = PBXContainerItemProxy;
			containerPortal = 7DBB304427B7C4FC00C072F1 /* Project object */;
			proxyType = 1;
			remoteGlobalIDString = 7DBB304B27B7C4FC00C072F1;
			remoteInfo = DoPayTV;
		};
/* End PBXContainerItemProxy section */

/* Begin PBXFileReference section */
		7DBB304C27B7C4FC00C072F1 /* DoPayTV.app */ = {isa = PBXFileReference; explicitFileType = wrapper.application; includeInIndex = 0; path = DoPayTV.app; sourceTree = BUILT_PRODUCTS_DIR; };
		7DBB304F27B7C4FC00C072F1 /* AppDelegate.swift */ = {isa = PBXFileReference; lastKnownFileType = sourcecode.swift; path = AppDelegate.swift; sourceTree = "<group>"; };
		7DBB305127B7C4FC00C072F1 /* SceneDelegate.swift */ = {isa = PBXFileReference; lastKnownFileType = sourcecode.swift; path = SceneDelegate.swift; sourceTree = "<group>"; };
		7DBB305327B7C4FC00C072F1 /* ViewController.swift */ = {isa = PBXFileReference; lastKnownFileType = sourcecode.swift; path = ViewController.swift; sourceTree = "<group>"; };
		7DBB305627B7C4FC00C072F1 /* Base */ = {isa = PBXFileReference; lastKnownFileType = file.storyboard; name = Base; path = Base.lproj/Main.storyboard; sourceTree = "<group>"; };
		7DBB305827B7C4FF00C072F1 /* Assets.xcassets */ = {isa = PBXFileReference; lastKnownFileType = folder.assetcatalog; path = Assets.xcassets; sourceTree = "<group>"; };
		7DBB305B27B7C4FF00C072F1 /* Base */ = {isa = PBXFileReference; lastKnownFileType = file.storyboard; name = Base; path = Base.lproj/LaunchScreen.storyboard; sourceTree = "<group>"; };
		7DBB305D27B7C4FF00C072F1 /* Info.plist */ = {isa = PBXFileReference; lastKnownFileType = text.plist.xml; path = Info.plist; sourceTree = "<group>"; };
		7DBB306227B7C4FF00C072F1 /* DoPayTVTests.xctest */ = {isa = PBXFileReference; explicitFileType = wrapper.cfbundle; includeInIndex = 0; path = DoPayTVTests.xctest; sourceTree = BUILT_PRODUCTS_DIR; };
		7DBB306627B7C4FF00C072F1 /* DoPayTVTests.swift */ = {isa = PBXFileReference; lastKnownFileType = sourcecode.swift; path = DoPayTVTests.swift; sourceTree = "<group>"; };
		7DBB306C27B7C4FF00C072F1 /* DoPayTVUITests.xctest */ = {isa = PBXFileReference; explicitFileType = wrapper.cfbundle; includeInIndex = 0; path = DoPayTVUITests.xctest; sourceTree = BUILT_PRODUCTS_DIR; };
		7DBB307027B7C4FF00C072F1 /* DoPayTVUITests.swift */ = {isa = PBXFileReference; lastKnownFileType = sourcecode.swift; path = DoPayTVUITests.swift; sourceTree = "<group>"; };
		7DBB307227B7C4FF00C072F1 /* DoPayTVUITestsLaunchTests.swift */ = {isa = PBXFileReference; lastKnownFileType = sourcecode.swift; path = DoPayTVUITestsLaunchTests.swift; sourceTree = "<group>"; };
/* End PBXFileReference section */

/* Begin PBXFrameworksBuildPhase section */
		7DBB304927B7C4FC00C072F1 /* Frameworks */ = {
			isa = PBXFrameworksBuildPhase;
			buildActionMask = 2147483647;
			files = (
			);
			runOnlyForDeploymentPostprocessing = 0;
		};
		7DBB305F27B7C4FF00C072F1 /* Frameworks */ = {
			isa = PBXFrameworksBuildPhase;
			buildActionMask = 2147483647;
			files = (
			);
			runOnlyForDeploymentPostprocessing = 0;
		};
		7DBB306927B7C4FF00C072F1 /* Frameworks */ = {
			isa = PBXFrameworksBuildPhase;
			buildActionMask = 2147483647;
			files = (
			);
			runOnlyForDeploymentPostprocessing = 0;
		};
/* End PBXFrameworksBuildPhase section */

/* Begin PBXGroup section */
		7DBB304327B7C4FC00C072F1 = {
			isa = PBXGroup;
			children = (
				7DBB304E27B7C4FC00C072F1 /* DoPayTV */,
				7DBB306527B7C4FF00C072F1 /* DoPayTVTests */,
				7DBB306F27B7C4FF00C072F1 /* DoPayTVUITests */,
				7DBB304D27B7C4FC00C072F1 /* Products */,
			);
			sourceTree = "<group>";
		};
		7DBB304D27B7C4FC00C072F1 /* Products */ = {
			isa = PBXGroup;
			children = (
				7DBB304C27B7C4FC00C072F1 /* DoPayTV.app */,
				7DBB306227B7C4FF00C072F1 /* DoPayTVTests.xctest */,
				7DBB306C27B7C4FF00C072F1 /* DoPayTVUITests.xctest */,
			);
			name = Products;
			sourceTree = "<group>";
		};
		7DBB304E27B7C4FC00C072F1 /* DoPayTV */ = {
			isa = PBXGroup;
			children = (
				7DBB304F27B7C4FC00C072F1 /* AppDelegate.swift */,
				7DBB305127B7C4FC00C072F1 /* SceneDelegate.swift */,
				7DBB305327B7C4FC00C072F1 /* ViewController.swift */,
				7DBB305527B7C4FC00C072F1 /* Main.storyboard */,
				7DBB305827B7C4FF00C072F1 /* Assets.xcassets */,
				7DBB305A27B7C4FF00C072F1 /* LaunchScreen.storyboard */,
				7DBB305D27B7C4FF00C072F1 /* Info.plist */,
			);
			path = DoPayTV;
			sourceTree = "<group>";
		};
		7DBB306527B7C4FF00C072F1 /* DoPayTVTests */ = {
			isa = PBXGroup;
			children = (
				7DBB306627B7C4FF00C072F1 /* DoPayTVTests.swift */,
			);
			path = DoPayTVTests;
			sourceTree = "<group>";
		};
		7DBB306F27B7C4FF00C072F1 /* DoPayTVUITests */ = {
			isa = PBXGroup;
			children = (
				7DBB307027B7C4FF00C072F1 /* DoPayTVUITests.swift */,
				7DBB307227B7C4FF00C072F1 /* DoPayTVUITestsLaunchTests.swift */,
			);
			path = DoPayTVUITests;
			sourceTree = "<group>";
		};
/* End PBXGroup section */

/* Begin PBXNativeTarget section */
		7DBB304B27B7C4FC00C072F1 /* DoPayTV */ = {
			isa = PBXNativeTarget;
			buildConfigurationList = 7DBB307627B7C4FF00C072F1 /* Build configuration list for PBXNativeTarget "DoPayTV" */;
			buildPhases = (
				7DBB304827B7C4FC00C072F1 /* Sources */,
				7DBB304927B7C4FC00C072F1 /* Frameworks */,
				7DBB304A27B7C4FC00C072F1 /* Resources */,
			);
			buildRules = (
			);
			dependencies = (
			);
			name = DoPayTV;
			productName = DoPayTV;
			productReference = 7DBB304C27B7C4FC00C072F1 /* DoPayTV.app */;
			productType = "com.apple.product-type.application";
		};
		7DBB306127B7C4FF00C072F1 /* DoPayTVTests */ = {
			isa = PBXNativeTarget;
			buildConfigurationList = 7DBB307927B7C4FF00C072F1 /* Build configuration list for PBXNativeTarget "DoPayTVTests" */;
			buildPhases = (
				7DBB305E27B7C4FF00C072F1 /* Sources */,
				7DBB305F27B7C4FF00C072F1 /* Frameworks */,
				7DBB306027B7C4FF00C072F1 /* Resources */,
			);
			buildRules = (
			);
			dependencies = (
				7DBB306427B7C4FF00C072F1 /* PBXTargetDependency */,
			);
			name = DoPayTVTests;
			productName = DoPayTVTests;
			productReference = 7DBB306227B7C4FF00C072F1 /* DoPayTVTests.xctest */;
			productType = "com.apple.product-type.bundle.unit-test";
		};
		7DBB306B27B7C4FF00C072F1 /* DoPayTVUITests */ = {
			isa = PBXNativeTarget;
			buildConfigurationList = 7DBB307C27B7C4FF00C072F1 /* Build configuration list for PBXNativeTarget "DoPayTVUITests" */;
			buildPhases = (
				7DBB306827B7C4FF00C072F1 /* Sources */,
				7DBB306927B7C4FF00C072F1 /* Frameworks */,
				7DBB306A27B7C4FF00C072F1 /* Resources */,
			);
			buildRules = (
			);
			dependencies = (
				7DBB306E27B7C4FF00C072F1 /* PBXTargetDependency */,
			);
			name = DoPayTVUITests;
			productName = DoPayTVUITests;
			productReference = 7DBB306C27B7C4FF00C072F1 /* DoPayTVUITests.xctest */;
			productType = "com.apple.product-type.bundle.ui-testing";
		};
/* End PBXNativeTarget section */

/* Begin PBXProject section */
		7DBB304427B7C4FC00C072F1 /* Project object */ = {
			isa = PBXProject;
			attributes = {
				BuildIndependentTargetsInParallel = 1;
				LastSwiftUpdateCheck = 1310;
				LastUpgradeCheck = 1310;
				TargetAttributes = {
					7DBB304B27B7C4FC00C072F1 = {
						CreatedOnToolsVersion = 13.1;
					};
					7DBB306127B7C4FF00C072F1 = {
						CreatedOnToolsVersion = 13.1;
						TestTargetID = 7DBB304B27B7C4FC00C072F1;
					};
					7DBB306B27B7C4FF00C072F1 = {
						CreatedOnToolsVersion = 13.1;
						TestTargetID = 7DBB304B27B7C4FC00C072F1;
					};
				};
			};
			buildConfigurationList = 7DBB304727B7C4FC00C072F1 /* Build configuration list for PBXProject "DoPayTV" */;
			compatibilityVersion = "Xcode 13.0";
			developmentRegion = en;
			hasScannedForEncodings = 0;
			knownRegions = (
				en,
				Base,
			);
			mainGroup = 7DBB304327B7C4FC00C072F1;
			productRefGroup = 7DBB304D27B7C4FC00C072F1 /* Products */;
			projectDirPath = "";
			projectRoot = "";
			targets = (
				7DBB304B27B7C4FC00C072F1 /* DoPayTV */,
				7DBB306127B7C4FF00C072F1 /* DoPayTVTests */,
				7DBB306B27B7C4FF00C072F1 /* DoPayTVUITests */,
			);
		};
/* End PBXProject section */

/* Begin PBXResourcesBuildPhase section */
		7DBB304A27B7C4FC00C072F1 /* Resources */ = {
			isa = PBXResourcesBuildPhase;
			buildActionMask = 2147483647;
			files = (
				7DBB305C27B7C4FF00C072F1 /* LaunchScreen.storyboard in Resources */,
				7DBB305927B7C4FF00C072F1 /* Assets.xcassets in Resources */,
				7DBB305727B7C4FC00C072F1 /* Main.storyboard in Resources */,
			);
			runOnlyForDeploymentPostprocessing = 0;
		};
		7DBB306027B7C4FF00C072F1 /* Resources */ = {
			isa = PBXResourcesBuildPhase;
			buildActionMask = 2147483647;
			files = (
			);
			runOnlyForDeploymentPostprocessing = 0;
		};
		7DBB306A27B7C4FF00C072F1 /* Resources */ = {
			isa = PBXResourcesBuildPhase;
			buildActionMask = 2147483647;
			files = (
			);
			runOnlyForDeploymentPostprocessing = 0;
		};
/* End PBXResourcesBuildPhase section */

/* Begin PBXSourcesBuildPhase section */
		7DBB304827B7C4FC00C072F1 /* Sources */ = {
			isa = PBXSourcesBuildPhase;
			buildActionMask = 2147483647;
			files = (
				7DBB305427B7C4FC00C072F1 /* ViewController.swift in Sources */,
				7DBB305027B7C4FC00C072F1 /* AppDelegate.swift in Sources */,
				7DBB305227B7C4FC00C072F1 /* SceneDelegate.swift in Sources */,
			);
			runOnlyForDeploymentPostprocessing = 0;
		};
		7DBB305E27B7C4FF00C072F1 /* Sources */ = {
			isa = PBXSourcesBuildPhase;
			buildActionMask = 2147483647;
			files = (
				7DBB306727B7C4FF00C072F1 /* DoPayTVTests.swift in Sources */,
			);
			runOnlyForDeploymentPostprocessing = 0;
		};
		7DBB306827B7C4FF00C072F1 /* Sources */ = {
			isa = PBXSourcesBuildPhase;
			buildActionMask = 2147483647;
			files = (
				7DBB307327B7C4FF00C072F1 /* DoPayTVUITestsLaunchTests.swift in Sources */,
				7DBB307127B7C4FF00C072F1 /* DoPayTVUITests.swift in Sources */,
			);
			runOnlyForDeploymentPostprocessing = 0;
		};
/* End PBXSourcesBuildPhase section */

/* Begin PBXTargetDependency section */
		7DBB306427B7C4FF00C072F1 /* PBXTargetDependency */ = {
			isa = PBXTargetDependency;
			target = 7DBB304B27B7C4FC00C072F1 /* DoPayTV */;
			targetProxy = 7DBB306327B7C4FF00C072F1 /* PBXContainerItemProxy */;
		};
		7DBB306E27B7C4FF00C072F1 /* PBXTargetDependency */ = {
			isa = PBXTargetDependency;
			target = 7DBB304B27B7C4FC00C072F1 /* DoPayTV */;
			targetProxy = 7DBB306D27B7C4FF00C072F1 /* PBXContainerItemProxy */;
		};
/* End PBXTargetDependency section */

/* Begin PBXVariantGroup section */
		7DBB305527B7C4FC00C072F1 /* Main.storyboard */ = {
			isa = PBXVariantGroup;
			children = (
				7DBB305627B7C4FC00C072F1 /* Base */,
			);
			name = Main.storyboard;
			sourceTree = "<group>";
		};
		7DBB305A27B7C4FF00C072F1 /* LaunchScreen.storyboard */ = {
			isa = PBXVariantGroup;
			children = (
				7DBB305B27B7C4FF00C072F1 /* Base */,
			);
			name = LaunchScreen.storyboard;
			sourceTree = "<group>";
		};
/* End PBXVariantGroup section */

/* Begin XCBuildConfiguration section */
		7DBB307427B7C4FF00C072F1 /* Debug */ = {
			isa = XCBuildConfiguration;
			buildSettings = {
				ALWAYS_SEARCH_USER_PATHS = NO;
				CLANG_ANALYZER_NONNULL = YES;
				CLANG_ANALYZER_NUMBER_OBJECT_CONVERSION = YES_AGGRESSIVE;
				CLANG_CXX_LANGUAGE_STANDARD = "gnu++17";
				CLANG_CXX_LIBRARY = "libc++";
				CLANG_ENABLE_MODULES = YES;
				CLANG_ENABLE_OBJC_ARC = YES;
				CLANG_ENABLE_OBJC_WEAK = YES;
				CLANG_WARN_BLOCK_CAPTURE_AUTORELEASING = YES;
				CLANG_WARN_BOOL_CONVERSION = YES;
				CLANG_WARN_COMMA = YES;
				CLANG_WARN_CONSTANT_CONVERSION = YES;
				CLANG_WARN_DEPRECATED_OBJC_IMPLEMENTATIONS = YES;
				CLANG_WARN_DIRECT_OBJC_ISA_USAGE = YES_ERROR;
				CLANG_WARN_DOCUMENTATION_COMMENTS = YES;
				CLANG_WARN_EMPTY_BODY = YES;
				CLANG_WARN_ENUM_CONVERSION = YES;
				CLANG_WARN_INFINITE_RECURSION = YES;
				CLANG_WARN_INT_CONVERSION = YES;
				CLANG_WARN_NON_LITERAL_NULL_CONVERSION = YES;
				CLANG_WARN_OBJC_IMPLICIT_RETAIN_SELF = YES;
				CLANG_WARN_OBJC_LITERAL_CONVERSION = YES;
				CLANG_WARN_OBJC_ROOT_CLASS = YES_ERROR;
				CLANG_WARN_QUOTED_INCLUDE_IN_FRAMEWORK_HEADER = YES;
				CLANG_WARN_RANGE_LOOP_ANALYSIS = YES;
				CLANG_WARN_STRICT_PROTOTYPES = YES;
				CLANG_WARN_SUSPICIOUS_MOVE = YES;
				CLANG_WARN_UNGUARDED_AVAILABILITY = YES_AGGRESSIVE;
				CLANG_WARN_UNREACHABLE_CODE = YES;
				CLANG_WARN__DUPLICATE_METHOD_MATCH = YES;
				COPY_PHASE_STRIP = NO;
				DEBUG_INFORMATION_FORMAT = dwarf;
				ENABLE_STRICT_OBJC_MSGSEND = YES;
				ENABLE_TESTABILITY = YES;
				GCC_C_LANGUAGE_STANDARD = gnu11;
				GCC_DYNAMIC_NO_PIC = NO;
				GCC_NO_COMMON_BLOCKS = YES;
				GCC_OPTIMIZATION_LEVEL = 0;
				GCC_PREPROCESSOR_DEFINITIONS = (
					"DEBUG=1",
					"$(inherited)",
				);
				GCC_WARN_64_TO_32_BIT_CONVERSION = YES;
				GCC_WARN_ABOUT_RETURN_TYPE = YES_ERROR;
				GCC_WARN_UNDECLARED_SELECTOR = YES;
				GCC_WARN_UNINITIALIZED_AUTOS = YES_AGGRESSIVE;
				GCC_WARN_UNUSED_FUNCTION = YES;
				GCC_WARN_UNUSED_VARIABLE = YES;
				IPHONEOS_DEPLOYMENT_TARGET = 15.0;
				MTL_ENABLE_DEBUG_INFO = INCLUDE_SOURCE;
				MTL_FAST_MATH = YES;
				ONLY_ACTIVE_ARCH = YES;
				SDKROOT = iphoneos;
				SWIFT_ACTIVE_COMPILATION_CONDITIONS = DEBUG;
				SWIFT_OPTIMIZATION_LEVEL = "-Onone";
			};
			name = Debug;
		};
		7DBB307527B7C4FF00C072F1 /* Release */ = {
			isa = XCBuildConfiguration;
			buildSettings = {
				ALWAYS_SEARCH_USER_PATHS = NO;
				CLANG_ANALYZER_NONNULL = YES;
				CLANG_ANALYZER_NUMBER_OBJECT_CONVERSION = YES_AGGRESSIVE;
				CLANG_CXX_LANGUAGE_STANDARD = "gnu++17";
				CLANG_CXX_LIBRARY = "libc++";
				CLANG_ENABLE_MODULES = YES;
				CLANG_ENABLE_OBJC_ARC = YES;
				CLANG_ENABLE_OBJC_WEAK = YES;
				CLANG_WARN_BLOCK_CAPTURE_AUTORELEASING = YES;
				CLANG_WARN_BOOL_CONVERSION = YES;
				CLANG_WARN_COMMA = YES;
				CLANG_WARN_CONSTANT_CONVERSION = YES;
				CLANG_WARN_DEPRECATED_OBJC_IMPLEMENTATIONS = YES;
				CLANG_WARN_DIRECT_OBJC_ISA_USAGE = YES_ERROR;
				CLANG_WARN_DOCUMENTATION_COMMENTS = YES;
				CLANG_WARN_EMPTY_BODY = YES;
				CLANG_WARN_ENUM_CONVERSION = YES;
				CLANG_WARN_INFINITE_RECURSION = YES;
				CLANG_WARN_INT_CONVERSION = YES;
				CLANG_WARN_NON_LITERAL_NULL_CONVERSION = YES;
				CLANG_WARN_OBJC_IMPLICIT_RETAIN_SELF = YES;
				CLANG_WARN_OBJC_LITERAL_CONVERSION = YES;
				CLANG_WARN_OBJC_ROOT_CLASS = YES_ERROR;
				CLANG_WARN_QUOTED_INCLUDE_IN_FRAMEWORK_HEADER = YES;
				CLANG_WARN_RANGE_LOOP_ANALYSIS = YES;
				CLANG_WARN_STRICT_PROTOTYPES = YES;
				CLANG_WARN_SUSPICIOUS_MOVE = YES;
				CLANG_WARN_UNGUARDED_AVAILABILITY = YES_AGGRESSIVE;
				CLANG_WARN_UNREACHABLE_CODE = YES;
				CLANG_WARN__DUPLICATE_METHOD_MATCH = YES;
				COPY_PHASE_STRIP = NO;
				DEBUG_INFORMATION_FORMAT = "dwarf-with-dsym";
				ENABLE_NS_ASSERTIONS = NO;
				ENABLE_STRICT_OBJC_MSGSEND = YES;
				GCC_C_LANGUAGE_STANDARD = gnu11;
				GCC_NO_COMMON_BLOCKS = YES;
				GCC_WARN_64_TO_32_BIT_CONVERSION = YES;
				GCC_WARN_ABOUT_RETURN_TYPE = YES_ERROR;
				GCC_WARN_UNDECLARED_SELECTOR = YES;
				GCC_WARN_UNINITIALIZED_AUTOS = YES_AGGRESSIVE;
				GCC_WARN_UNUSED_FUNCTION = YES;
				GCC_WARN_UNUSED_VARIABLE = YES;
				IPHONEOS_DEPLOYMENT_TARGET = 15.0;
				MTL_ENABLE_DEBUG_INFO = NO;
				MTL_FAST_MATH = YES;
				SDKROOT = iphoneos;
				SWIFT_COMPILATION_MODE = wholemodule;
				SWIFT_OPTIMIZATION_LEVEL = "-O";
				VALIDATE_PRODUCT = YES;
			};
			name = Release;
		};
		7DBB307727B7C4FF00C072F1 /* Debug */ = {
			isa = XCBuildConfiguration;
			buildSettings = {
				ASSETCATALOG_COMPILER_APPICON_NAME = AppIcon;
				ASSETCATALOG_COMPILER_GLOBAL_ACCENT_COLOR_NAME = AccentColor;
				CODE_SIGN_STYLE = Automatic;
				CURRENT_PROJECT_VERSION = 1;
				DEVELOPMENT_TEAM = 6QTVP9MP3C;
				GENERATE_INFOPLIST_FILE = YES;
				INFOPLIST_FILE = DoPayTV/Info.plist;
				INFOPLIST_KEY_UIApplicationSupportsIndirectInputEvents = YES;
				INFOPLIST_KEY_UILaunchStoryboardName = LaunchScreen;
				INFOPLIST_KEY_UIMainStoryboardFile = Main;
				INFOPLIST_KEY_UISupportedInterfaceOrientations_iPad = "UIInterfaceOrientationPortrait UIInterfaceOrientationPortraitUpsideDown UIInterfaceOrientationLandscapeLeft UIInterfaceOrientationLandscapeRight";
				INFOPLIST_KEY_UISupportedInterfaceOrientations_iPhone = "UIInterfaceOrientationPortrait UIInterfaceOrientationLandscapeLeft UIInterfaceOrientationLandscapeRight";
				LD_RUNPATH_SEARCH_PATHS = (
					"$(inherited)",
					"@executable_path/Frameworks",
				);
				MARKETING_VERSION = 1.0;
				PRODUCT_BUNDLE_IDENTIFIER = Pranil.DoPayTV;
				PRODUCT_NAME = "$(TARGET_NAME)";
				SWIFT_EMIT_LOC_STRINGS = YES;
				SWIFT_VERSION = 5.0;
				TARGETED_DEVICE_FAMILY = "1,2";
			};
			name = Debug;
		};
		7DBB307827B7C4FF00C072F1 /* Release */ = {
			isa = XCBuildConfiguration;
			buildSettings = {
				ASSETCATALOG_COMPILER_APPICON_NAME = AppIcon;
				ASSETCATALOG_COMPILER_GLOBAL_ACCENT_COLOR_NAME = AccentColor;
				CODE_SIGN_STYLE = Automatic;
				CURRENT_PROJECT_VERSION = 1;
				DEVELOPMENT_TEAM = 6QTVP9MP3C;
				GENERATE_INFOPLIST_FILE = YES;
				INFOPLIST_FILE = DoPayTV/Info.plist;
				INFOPLIST_KEY_UIApplicationSupportsIndirectInputEvents = YES;
				INFOPLIST_KEY_UILaunchStoryboardName = LaunchScreen;
				INFOPLIST_KEY_UIMainStoryboardFile = Main;
				INFOPLIST_KEY_UISupportedInterfaceOrientations_iPad = "UIInterfaceOrientationPortrait UIInterfaceOrientationPortraitUpsideDown UIInterfaceOrientationLandscapeLeft UIInterfaceOrientationLandscapeRight";
				INFOPLIST_KEY_UISupportedInterfaceOrientations_iPhone = "UIInterfaceOrientationPortrait UIInterfaceOrientationLandscapeLeft UIInterfaceOrientationLandscapeRight";
				LD_RUNPATH_SEARCH_PATHS = (
					"$(inherited)",
					"@executable_path/Frameworks",
				);
				MARKETING_VERSION = 1.0;
				PRODUCT_BUNDLE_IDENTIFIER = Pranil.DoPayTV;
				PRODUCT_NAME = "$(TARGET_NAME)";
				SWIFT_EMIT_LOC_STRINGS = YES;
				SWIFT_VERSION = 5.0;
				TARGETED_DEVICE_FAMILY = "1,2";
			};
			name = Release;
		};
		7DBB307A27B7C4FF00C072F1 /* Debug */ = {
			isa = XCBuildConfiguration;
			buildSettings = {
				ALWAYS_EMBED_SWIFT_STANDARD_LIBRARIES = YES;
				BUNDLE_LOADER = "$(TEST_HOST)";
				CODE_SIGN_STYLE = Automatic;
				CURRENT_PROJECT_VERSION = 1;
				DEVELOPMENT_TEAM = 6QTVP9MP3C;
				GENERATE_INFOPLIST_FILE = YES;
				IPHONEOS_DEPLOYMENT_TARGET = 15.0;
				LD_RUNPATH_SEARCH_PATHS = (
					"$(inherited)",
					"@executable_path/Frameworks",
					"@loader_path/Frameworks",
				);
				MARKETING_VERSION = 1.0;
				PRODUCT_BUNDLE_IDENTIFIER = Pranil.DoPayTVTests;
				PRODUCT_NAME = "$(TARGET_NAME)";
				SWIFT_EMIT_LOC_STRINGS = NO;
				SWIFT_VERSION = 5.0;
				TARGETED_DEVICE_FAMILY = "1,2";
				TEST_HOST = "$(BUILT_PRODUCTS_DIR)/DoPayTV.app/DoPayTV";
			};
			name = Debug;
		};
		7DBB307B27B7C4FF00C072F1 /* Release */ = {
			isa = XCBuildConfiguration;
			buildSettings = {
				ALWAYS_EMBED_SWIFT_STANDARD_LIBRARIES = YES;
				BUNDLE_LOADER = "$(TEST_HOST)";
				CODE_SIGN_STYLE = Automatic;
				CURRENT_PROJECT_VERSION = 1;
				DEVELOPMENT_TEAM = 6QTVP9MP3C;
				GENERATE_INFOPLIST_FILE = YES;
				IPHONEOS_DEPLOYMENT_TARGET = 15.0;
				LD_RUNPATH_SEARCH_PATHS = (
					"$(inherited)",
					"@executable_path/Frameworks",
					"@loader_path/Frameworks",
				);
				MARKETING_VERSION = 1.0;
				PRODUCT_BUNDLE_IDENTIFIER = Pranil.DoPayTVTests;
				PRODUCT_NAME = "$(TARGET_NAME)";
				SWIFT_EMIT_LOC_STRINGS = NO;
				SWIFT_VERSION = 5.0;
				TARGETED_DEVICE_FAMILY = "1,2";
				TEST_HOST = "$(BUILT_PRODUCTS_DIR)/DoPayTV.app/DoPayTV";
			};
			name = Release;
		};
		7DBB307D27B7C4FF00C072F1 /* Debug */ = {
			isa = XCBuildConfiguration;
			buildSettings = {
				ALWAYS_EMBED_SWIFT_STANDARD_LIBRARIES = YES;
				CODE_SIGN_STYLE = Automatic;
				CURRENT_PROJECT_VERSION = 1;
				DEVELOPMENT_TEAM = 6QTVP9MP3C;
				GENERATE_INFOPLIST_FILE = YES;
				LD_RUNPATH_SEARCH_PATHS = (
					"$(inherited)",
					"@executable_path/Frameworks",
					"@loader_path/Frameworks",
				);
				MARKETING_VERSION = 1.0;
				PRODUCT_BUNDLE_IDENTIFIER = Pranil.DoPayTVUITests;
				PRODUCT_NAME = "$(TARGET_NAME)";
				SWIFT_EMIT_LOC_STRINGS = NO;
				SWIFT_VERSION = 5.0;
				TARGETED_DEVICE_FAMILY = "1,2";
				TEST_TARGET_NAME = DoPayTV;
			};
			name = Debug;
		};
		7DBB307E27B7C4FF00C072F1 /* Release */ = {
			isa = XCBuildConfiguration;
			buildSettings = {
				ALWAYS_EMBED_SWIFT_STANDARD_LIBRARIES = YES;
				CODE_SIGN_STYLE = Automatic;
				CURRENT_PROJECT_VERSION = 1;
				DEVELOPMENT_TEAM = 6QTVP9MP3C;
				GENERATE_INFOPLIST_FILE = YES;
				LD_RUNPATH_SEARCH_PATHS = (
					"$(inherited)",
					"@executable_path/Frameworks",
					"@loader_path/Frameworks",
				);
				MARKETING_VERSION = 1.0;
				PRODUCT_BUNDLE_IDENTIFIER = Pranil.DoPayTVUITests;
				PRODUCT_NAME = "$(TARGET_NAME)";
				SWIFT_EMIT_LOC_STRINGS = NO;
				SWIFT_VERSION = 5.0;
				TARGETED_DEVICE_FAMILY = "1,2";
				TEST_TARGET_NAME = DoPayTV;
			};
			name = Release;
		};
/* End XCBuildConfiguration section */

/* Begin XCConfigurationList section */
		7DBB304727B7C4FC00C072F1 /* Build configuration list for PBXProject "DoPayTV" */ = {
			isa = XCConfigurationList;
			buildConfigurations = (
				7DBB307427B7C4FF00C072F1 /* Debug */,
				7DBB307527B7C4FF00C072F1 /* Release */,
			);
			defaultConfigurationIsVisible = 0;
			defaultConfigurationName = Release;
		};
		7DBB307627B7C4FF00C072F1 /* Build configuration list for PBXNativeTarget "DoPayTV" */ = {
			isa = XCConfigurationList;
			buildConfigurations = (
				7DBB307727B7C4FF00C072F1 /* Debug */,
				7DBB307827B7C4FF00C072F1 /* Release */,
			);
			defaultConfigurationIsVisible = 0;
			defaultConfigurationName = Release;
		};
		7DBB307927B7C4FF00C072F1 /* Build configuration list for PBXNativeTarget "DoPayTVTests" */ = {
			isa = XCConfigurationList;
			buildConfigurations = (
				7DBB307A27B7C4FF00C072F1 /* Debug */,
				7DBB307B27B7C4FF00C072F1 /* Release */,
			);
			defaultConfigurationIsVisible = 0;
			defaultConfigurationName = Release;
		};
		7DBB307C27B7C4FF00C072F1 /* Build configuration list for PBXNativeTarget "DoPayTVUITests" */ = {
			isa = XCConfigurationList;
			buildConfigurations = (
				7DBB307D27B7C4FF00C072F1 /* Debug */,
				7DBB307E27B7C4FF00C072F1 /* Release */,
			);
			defaultConfigurationIsVisible = 0;
			defaultConfigurationName = Release;
		};
/* End XCConfigurationList section */
	};
	rootObject = 7DBB304427B7C4FC00C072F1 /* Project object */;
}
